
Microsoft Visual Studio Solution File, Format Version 12.00
# Visual Studio 15
VisualStudioVersion = 15.0.28307.902
MinimumVisualStudioVersion = 10.0.40219.1
Project("{FAE04EC0-301F-11D3-BF4B-00C04F79EFBC}") = "Threads_1", "Threads_1\Threads_1.csproj", "{0E420929-2786-4599-8829-A1D1137319F7}"
EndProject
Project("{FAE04EC0-301F-11D3-BF4B-00C04F79EFBC}") = "Threads_2", "Threads_2\Threads_2.csproj", "{DF61D6FF-114D-49C2-B3BF-D261F8AE1DAC}"
EndProject
Project("{FAE04EC0-301F-11D3-BF4B-00C04F79EFBC}") = "Threads_3", "Threads_3\Threads_3.csproj", "{B29F26B5-87F4-416E-9BD9-FE892A9681C9}"
EndProject
Project("{FAE04EC0-301F-11D3-BF4B-00C04F79EFBC}") = "Threads_4", "Threads_4\Threads_4.csproj", "{B75D8A5E-448B-4A03-8915-B90BE024B48A}"
EndProject
Project("{FAE04EC0-301F-11D3-BF4B-00C04F79EFBC}") = "Threads_5", "Threads_5\Threads_5.csproj", "{D386C3EB-6D5A-4011-8021-343B86DCFE9E}"
EndProject
Project("{FAE04EC0-301F-11D3-BF4B-00C04F79EFBC}") = "Threads_6", "Threads_6\Threads_6.csproj", "{F33BF287-A660-4FF4-B8C4-71A4AD8D13E5}"
EndProject
Project("{FAE04EC0-301F-11D3-BF4B-00C04F79EFBC}") = "Threads_7", "Threads_7\Threads_7.csproj", "{1CF48CA7-2316-4124-A8B8-5AA2075B3328}"
EndProject
Project("{FAE04EC0-301F-11D3-BF4B-00C04F79EFBC}") = "Threads_8", "Threads_8\Threads_8.csproj", "{D52A337C-5480-45CC-84DF-8C3A0BC5A98B}"
EndProject
Project("{FAE04EC0-301F-11D3-BF4B-00C04F79EFBC}") = "Threads_9", "Thereads_9\Threads_9.csproj", "{1888B807-AF40-4A9F-A66A-8C745043F6FA}"
EndProject
Project("{FAE04EC0-301F-11D3-BF4B-00C04F79EFBC}") = "Threads_10_Async", "Threads_10_Async\Threads_10_Async.csproj", "{DF932071-42B3-48EC-A0B2-0A1725C3C587}"
EndProject
Project("{FAE04EC0-301F-11D3-BF4B-00C04F79EFBC}") = "Threads_10_Async_WPF", "Threads_10_Async_WPF\Threads_10_Async_WPF.csproj", "{799BE948-689C-4501-AF27-467A3192A1DD}"
EndProject
Global
	GlobalSection(SolutionConfigurationPlatforms) = preSolution
		Debug|Any CPU = Debug|Any CPU
		Release|Any CPU = Release|Any CPU
	EndGlobalSection
	GlobalSection(ProjectConfigurationPlatforms) = postSolution
		{0E420929-2786-4599-8829-A1D1137319F7}.Debug|Any CPU.ActiveCfg = Debug|Any CPU
		{0E420929-2786-4599-8829-A1D1137319F7}.Debug|Any CPU.Build.0 = Debug|Any CPU
		{0E420929-2786-4599-8829-A1D1137319F7}.Release|Any CPU.ActiveCfg = Release|Any CPU
		{0E420929-2786-4599-8829-A1D1137319F7}.Release|Any CPU.Build.0 = Release|Any CPU
		{DF61D6FF-114D-49C2-B3BF-D261F8AE1DAC}.Debug|Any CPU.ActiveCfg = Debug|Any CPU
		{DF61D6FF-114D-49C2-B3BF-D261F8AE1DAC}.Debug|Any CPU.Build.0 = Debug|Any CPU
		{DF61D6FF-114D-49C2-B3BF-D261F8AE1DAC}.Release|Any CPU.ActiveCfg = Release|Any CPU
		{DF61D6FF-114D-49C2-B3BF-D261F8AE1DAC}.Release|Any CPU.Build.0 = Release|Any CPU
		{B29F26B5-87F4-416E-9BD9-FE892A9681C9}.Debug|Any CPU.ActiveCfg = Debug|Any CPU
		{B29F26B5-87F4-416E-9BD9-FE892A9681C9}.Debug|Any CPU.Build.0 = Debug|Any CPU
		{B29F26B5-87F4-416E-9BD9-FE892A9681C9}.Release|Any CPU.ActiveCfg = Release|Any CPU
		{B29F26B5-87F4-416E-9BD9-FE892A9681C9}.Release|Any CPU.Build.0 = Release|Any CPU
		{B75D8A5E-448B-4A03-8915-B90BE024B48A}.Debug|Any CPU.ActiveCfg = Debug|Any CPU
		{B75D8A5E-448B-4A03-8915-B90BE024B48A}.Debug|Any CPU.Build.0 = Debug|Any CPU
		{B75D8A5E-448B-4A03-8915-B90BE024B48A}.Release|Any CPU.ActiveCfg = Release|Any CPU
		{B75D8A5E-448B-4A03-8915-B90BE024B48A}.Release|Any CPU.Build.0 = Release|Any CPU
		{D386C3EB-6D5A-4011-8021-343B86DCFE9E}.Debug|Any CPU.ActiveCfg = Debug|Any CPU
		{D386C3EB-6D5A-4011-8021-343B86DCFE9E}.Debug|Any CPU.Build.0 = Debug|Any CPU
		{D386C3EB-6D5A-4011-8021-343B86DCFE9E}.Release|Any CPU.ActiveCfg = Release|Any CPU
		{D386C3EB-6D5A-4011-8021-343B86DCFE9E}.Release|Any CPU.Build.0 = Release|Any CPU
		{F33BF287-A660-4FF4-B8C4-71A4AD8D13E5}.Debug|Any CPU.ActiveCfg = Debug|Any CPU
		{F33BF287-A660-4FF4-B8C4-71A4AD8D13E5}.Debug|Any CPU.Build.0 = Debug|Any CPU
		{F33BF287-A660-4FF4-B8C4-71A4AD8D13E5}.Release|Any CPU.ActiveCfg = Release|Any CPU
		{F33BF287-A660-4FF4-B8C4-71A4AD8D13E5}.Release|Any CPU.Build.0 = Release|Any CPU
		{1CF48CA7-2316-4124-A8B8-5AA2075B3328}.Debug|Any CPU.ActiveCfg = Debug|Any CPU
		{1CF48CA7-2316-4124-A8B8-5AA2075B3328}.Debug|Any CPU.Build.0 = Debug|Any CPU
		{1CF48CA7-2316-4124-A8B8-5AA2075B3328}.Release|Any CPU.ActiveCfg = Release|Any CPU
		{1CF48CA7-2316-4124-A8B8-5AA2075B3328}.Release|Any CPU.Build.0 = Release|Any CPU
		{D52A337C-5480-45CC-84DF-8C3A0BC5A98B}.Debug|Any CPU.ActiveCfg = Debug|Any CPU
		{D52A337C-5480-45CC-84DF-8C3A0BC5A98B}.Debug|Any CPU.Build.0 = Debug|Any CPU
		{D52A337C-5480-45CC-84DF-8C3A0BC5A98B}.Release|Any CPU.ActiveCfg = Release|Any CPU
		{D52A337C-5480-45CC-84DF-8C3A0BC5A98B}.Release|Any CPU.Build.0 = Release|Any CPU
		{1888B807-AF40-4A9F-A66A-8C745043F6FA}.Debug|Any CPU.ActiveCfg = Debug|Any CPU
		{1888B807-AF40-4A9F-A66A-8C745043F6FA}.Debug|Any CPU.Build.0 = Debug|Any CPU
		{1888B807-AF40-4A9F-A66A-8C745043F6FA}.Release|Any CPU.ActiveCfg = Release|Any CPU
		{1888B807-AF40-4A9F-A66A-8C745043F6FA}.Release|Any CPU.Build.0 = Release|Any CPU
		{DF932071-42B3-48EC-A0B2-0A1725C3C587}.Debug|Any CPU.ActiveCfg = Debug|Any CPU
		{DF932071-42B3-48EC-A0B2-0A1725C3C587}.Debug|Any CPU.Build.0 = Debug|Any CPU
		{DF932071-42B3-48EC-A0B2-0A1725C3C587}.Release|Any CPU.ActiveCfg = Release|Any CPU
		{DF932071-42B3-48EC-A0B2-0A1725C3C587}.Release|Any CPU.Build.0 = Release|Any CPU
		{799BE948-689C-4501-AF27-467A3192A1DD}.Debug|Any CPU.ActiveCfg = Debug|Any CPU
		{799BE948-689C-4501-AF27-467A3192A1DD}.Debug|Any CPU.Build.0 = Debug|Any CPU
		{799BE948-689C-4501-AF27-467A3192A1DD}.Release|Any CPU.ActiveCfg = Release|Any CPU
		{799BE948-689C-4501-AF27-467A3192A1DD}.Release|Any CPU.Build.0 = Release|Any CPU
	EndGlobalSection
	GlobalSection(SolutionProperties) = preSolution
		HideSolutionNode = FALSE
	EndGlobalSection
	GlobalSection(ExtensibilityGlobals) = postSolution
		SolutionGuid = {A92B1265-0ACD-43A9-9A98-0B01D7F3E5F3}
	EndGlobalSection
EndGlobal
